// !$*UTF8*$!
{
	archiveVersion = 1;
	classes = {
	};
	objectVersion = 50;
	objects = {

/* Begin PBXBuildFile section */
		8642320221388A1A00175A61 /* EventWebService.swift in Sources */ = {isa = PBXBuildFile; fileRef = 86DC154321334C1F005163B7 /* EventWebService.swift */; };
		8642320321388A5A00175A61 /* EventWebServiceProtocol.swift in Sources */ = {isa = PBXBuildFile; fileRef = 86DC154121334C0D005163B7 /* EventWebServiceProtocol.swift */; };
		8642320621388B7300175A61 /* FlushEventWebServiceTest.swift in Sources */ = {isa = PBXBuildFile; fileRef = 8642320521388B7300175A61 /* FlushEventWebServiceTest.swift */; };
		864232332138A48700175A61 /* EnvironmentConfiguration.plist in Resources */ = {isa = PBXBuildFile; fileRef = 86DC1535212DFB8F005163B7 /* EnvironmentConfiguration.plist */; };
		8663D23D20AE1A8E00E4F90A /* MerlinMetPod.framework in Frameworks */ = {isa = PBXBuildFile; fileRef = 86FFC0B420A5F58B005E7364 /* MerlinMetPod.framework */; };
		86DC1536212DFB8F005163B7 /* EnvironmentConfiguration.plist in Resources */ = {isa = PBXBuildFile; fileRef = 86DC1535212DFB8F005163B7 /* EnvironmentConfiguration.plist */; };
		86DC1538212E0292005163B7 /* EnvironmentConfiguration.swift in Sources */ = {isa = PBXBuildFile; fileRef = 86DC1537212E0292005163B7 /* EnvironmentConfiguration.swift */; };
		86DC153E21334B30005163B7 /* EventAPI.swift in Sources */ = {isa = PBXBuildFile; fileRef = 86DC153D21334B30005163B7 /* EventAPI.swift */; };
		86DC154021334B40005163B7 /* EventNetworkProvider.swift in Sources */ = {isa = PBXBuildFile; fileRef = 86DC153F21334B40005163B7 /* EventNetworkProvider.swift */; };
		86DC154221334C0D005163B7 /* EventWebServiceProtocol.swift in Sources */ = {isa = PBXBuildFile; fileRef = 86DC154121334C0D005163B7 /* EventWebServiceProtocol.swift */; };
		86DC154421334C1F005163B7 /* EventWebService.swift in Sources */ = {isa = PBXBuildFile; fileRef = 86DC154321334C1F005163B7 /* EventWebService.swift */; };
		86DC154621335048005163B7 /* Network.swift in Sources */ = {isa = PBXBuildFile; fileRef = 86DC154521335048005163B7 /* Network.swift */; };
		86DC154821335249005163B7 /* BaseWebService.swift in Sources */ = {isa = PBXBuildFile; fileRef = 86DC154721335249005163B7 /* BaseWebService.swift */; };
		86DC154C213353C7005163B7 /* BaseUserCase.swift in Sources */ = {isa = PBXBuildFile; fileRef = 86DC154B213353C7005163B7 /* BaseUserCase.swift */; };
		86DC154E213353D4005163B7 /* BaseUserCaseLocator.swift in Sources */ = {isa = PBXBuildFile; fileRef = 86DC154D213353D4005163B7 /* BaseUserCaseLocator.swift */; };
		86DC155221335490005163B7 /* Repository.swift in Sources */ = {isa = PBXBuildFile; fileRef = 86DC155121335490005163B7 /* Repository.swift */; };
		86DC155521335576005163B7 /* EventUserCaseLocator.swift in Sources */ = {isa = PBXBuildFile; fileRef = 86DC155421335576005163B7 /* EventUserCaseLocator.swift */; };
		86DC1558213355E5005163B7 /* EventRepository.swift in Sources */ = {isa = PBXBuildFile; fileRef = 86DC1557213355E5005163B7 /* EventRepository.swift */; };
		86DC155A21335600005163B7 /* EventRepositoryProtocol.swift in Sources */ = {isa = PBXBuildFile; fileRef = 86DC155921335600005163B7 /* EventRepositoryProtocol.swift */; };
		86DC155C21335844005163B7 /* WebServiceLocator.swift in Sources */ = {isa = PBXBuildFile; fileRef = 86DC155B21335844005163B7 /* WebServiceLocator.swift */; };
		86DC155E21335969005163B7 /* SendEventUserCase.swift in Sources */ = {isa = PBXBuildFile; fileRef = 86DC155D21335969005163B7 /* SendEventUserCase.swift */; };
		86DC156021335975005163B7 /* SendEventProtocol.swift in Sources */ = {isa = PBXBuildFile; fileRef = 86DC155F21335975005163B7 /* SendEventProtocol.swift */; };
		86DC156521335B34005163B7 /* MerlinTestConstants.swift in Sources */ = {isa = PBXBuildFile; fileRef = 86DC156421335B34005163B7 /* MerlinTestConstants.swift */; };
		86DC156721335B45005163B7 /* CustomClosureBuilder.swift in Sources */ = {isa = PBXBuildFile; fileRef = 86DC156621335B45005163B7 /* CustomClosureBuilder.swift */; };
		86DC156821335B7F005163B7 /* EventNetworkProvider.swift in Sources */ = {isa = PBXBuildFile; fileRef = 86DC153F21334B40005163B7 /* EventNetworkProvider.swift */; };
		86DC156921335BB9005163B7 /* EventAPI.swift in Sources */ = {isa = PBXBuildFile; fileRef = 86DC153D21334B30005163B7 /* EventAPI.swift */; };
		86DC156A21335C1A005163B7 /* EnvironmentConfiguration.swift in Sources */ = {isa = PBXBuildFile; fileRef = 86DC1537212E0292005163B7 /* EnvironmentConfiguration.swift */; };
		86DC156B21335C25005163B7 /* Network.swift in Sources */ = {isa = PBXBuildFile; fileRef = 86DC154521335048005163B7 /* Network.swift */; };
		86DC156C21335C27005163B7 /* BaseWebService.swift in Sources */ = {isa = PBXBuildFile; fileRef = 86DC154721335249005163B7 /* BaseWebService.swift */; };
		86DC157021335C6C005163B7 /* EventsTestConstants.swift in Sources */ = {isa = PBXBuildFile; fileRef = 86DC156F21335C6C005163B7 /* EventsTestConstants.swift */; };
		86FFC0C520A5F58B005E7364 /* MerlinMetPod.h in Headers */ = {isa = PBXBuildFile; fileRef = 86FFC0B720A5F58B005E7364 /* MerlinMetPod.h */; settings = {ATTRIBUTES = (Public, ); }; };
		D22C33239B6BE6CED817D0A9 /* Pods_MerlinMetPod.framework in Frameworks */ = {isa = PBXBuildFile; fileRef = 6E8E59565317D77F4BDCCCEE /* Pods_MerlinMetPod.framework */; };
		FE34E841CAFB6C381E866DCF /* Pods_MerlinMetPodTests.framework in Frameworks */ = {isa = PBXBuildFile; fileRef = 25F5EBE00BD35FA3E3A43A54 /* Pods_MerlinMetPodTests.framework */; };
/* End PBXBuildFile section */

/* Begin PBXContainerItemProxy section */
		8663D23E20AE1A8E00E4F90A /* PBXContainerItemProxy */ = {
			isa = PBXContainerItemProxy;
			containerPortal = 86FFC0AB20A5F58B005E7364 /* Project object */;
			proxyType = 1;
			remoteGlobalIDString = 86FFC0B320A5F58B005E7364;
			remoteInfo = MerlinMetPod;
		};
/* End PBXContainerItemProxy section */

/* Begin PBXFileReference section */
		25F5EBE00BD35FA3E3A43A54 /* Pods_MerlinMetPodTests.framework */ = {isa = PBXFileReference; explicitFileType = wrapper.framework; includeInIndex = 0; path = Pods_MerlinMetPodTests.framework; sourceTree = BUILT_PRODUCTS_DIR; };
		36356CB3F3715686AB65E4F1 /* Pods-MerlinMetPodTests.debug.xcconfig */ = {isa = PBXFileReference; includeInIndex = 1; lastKnownFileType = text.xcconfig; name = "Pods-MerlinMetPodTests.debug.xcconfig"; path = "Pods/Target Support Files/Pods-MerlinMetPodTests/Pods-MerlinMetPodTests.debug.xcconfig"; sourceTree = "<group>"; };
		6E8E59565317D77F4BDCCCEE /* Pods_MerlinMetPod.framework */ = {isa = PBXFileReference; explicitFileType = wrapper.framework; includeInIndex = 0; path = Pods_MerlinMetPod.framework; sourceTree = BUILT_PRODUCTS_DIR; };
		77FB95E65977287570C1016D /* Pods-MerlinMetPod.debug.xcconfig */ = {isa = PBXFileReference; includeInIndex = 1; lastKnownFileType = text.xcconfig; name = "Pods-MerlinMetPod.debug.xcconfig"; path = "Pods/Target Support Files/Pods-MerlinMetPod/Pods-MerlinMetPod.debug.xcconfig"; sourceTree = "<group>"; };
		864231FB2138852100175A61 /* Prueba.swift */ = {isa = PBXFileReference; lastKnownFileType = sourcecode.swift; path = Prueba.swift; sourceTree = "<group>"; };
		8642320521388B7300175A61 /* FlushEventWebServiceTest.swift */ = {isa = PBXFileReference; lastKnownFileType = sourcecode.swift; path = FlushEventWebServiceTest.swift; sourceTree = "<group>"; };
		8663D23820AE1A8E00E4F90A /* MerlinMetPodTests.xctest */ = {isa = PBXFileReference; explicitFileType = wrapper.cfbundle; includeInIndex = 0; path = MerlinMetPodTests.xctest; sourceTree = BUILT_PRODUCTS_DIR; };
		8663D23C20AE1A8E00E4F90A /* Info.plist */ = {isa = PBXFileReference; lastKnownFileType = text.plist.xml; path = Info.plist; sourceTree = "<group>"; };
		86DC1535212DFB8F005163B7 /* EnvironmentConfiguration.plist */ = {isa = PBXFileReference; lastKnownFileType = text.plist.xml; path = EnvironmentConfiguration.plist; sourceTree = "<group>"; };
		86DC1537212E0292005163B7 /* EnvironmentConfiguration.swift */ = {isa = PBXFileReference; lastKnownFileType = sourcecode.swift; path = EnvironmentConfiguration.swift; sourceTree = "<group>"; };
		86DC153D21334B30005163B7 /* EventAPI.swift */ = {isa = PBXFileReference; lastKnownFileType = sourcecode.swift; path = EventAPI.swift; sourceTree = "<group>"; };
		86DC153F21334B40005163B7 /* EventNetworkProvider.swift */ = {isa = PBXFileReference; lastKnownFileType = sourcecode.swift; path = EventNetworkProvider.swift; sourceTree = "<group>"; };
		86DC154121334C0D005163B7 /* EventWebServiceProtocol.swift */ = {isa = PBXFileReference; lastKnownFileType = sourcecode.swift; path = EventWebServiceProtocol.swift; sourceTree = "<group>"; };
		86DC154321334C1F005163B7 /* EventWebService.swift */ = {isa = PBXFileReference; lastKnownFileType = sourcecode.swift; path = EventWebService.swift; sourceTree = "<group>"; };
		86DC154521335048005163B7 /* Network.swift */ = {isa = PBXFileReference; lastKnownFileType = sourcecode.swift; path = Network.swift; sourceTree = "<group>"; };
		86DC154721335249005163B7 /* BaseWebService.swift */ = {isa = PBXFileReference; lastKnownFileType = sourcecode.swift; path = BaseWebService.swift; sourceTree = "<group>"; };
		86DC154B213353C7005163B7 /* BaseUserCase.swift */ = {isa = PBXFileReference; lastKnownFileType = sourcecode.swift; path = BaseUserCase.swift; sourceTree = "<group>"; };
		86DC154D213353D4005163B7 /* BaseUserCaseLocator.swift */ = {isa = PBXFileReference; lastKnownFileType = sourcecode.swift; path = BaseUserCaseLocator.swift; sourceTree = "<group>"; };
		86DC155121335490005163B7 /* Repository.swift */ = {isa = PBXFileReference; lastKnownFileType = sourcecode.swift; path = Repository.swift; sourceTree = "<group>"; };
		86DC155421335576005163B7 /* EventUserCaseLocator.swift */ = {isa = PBXFileReference; lastKnownFileType = sourcecode.swift; path = EventUserCaseLocator.swift; sourceTree = "<group>"; };
		86DC1557213355E5005163B7 /* EventRepository.swift */ = {isa = PBXFileReference; lastKnownFileType = sourcecode.swift; path = EventRepository.swift; sourceTree = "<group>"; };
		86DC155921335600005163B7 /* EventRepositoryProtocol.swift */ = {isa = PBXFileReference; lastKnownFileType = sourcecode.swift; path = EventRepositoryProtocol.swift; sourceTree = "<group>"; };
		86DC155B21335844005163B7 /* WebServiceLocator.swift */ = {isa = PBXFileReference; lastKnownFileType = sourcecode.swift; path = WebServiceLocator.swift; sourceTree = "<group>"; };
		86DC155D21335969005163B7 /* SendEventUserCase.swift */ = {isa = PBXFileReference; lastKnownFileType = sourcecode.swift; path = SendEventUserCase.swift; sourceTree = "<group>"; };
		86DC155F21335975005163B7 /* SendEventProtocol.swift */ = {isa = PBXFileReference; lastKnownFileType = sourcecode.swift; path = SendEventProtocol.swift; sourceTree = "<group>"; };
		86DC156321335B34005163B7 /* MerlinMetPodTests-Bridging-Header.h */ = {isa = PBXFileReference; lastKnownFileType = sourcecode.c.h; path = "MerlinMetPodTests-Bridging-Header.h"; sourceTree = "<group>"; };
		86DC156421335B34005163B7 /* MerlinTestConstants.swift */ = {isa = PBXFileReference; lastKnownFileType = sourcecode.swift; path = MerlinTestConstants.swift; sourceTree = "<group>"; };
		86DC156621335B45005163B7 /* CustomClosureBuilder.swift */ = {isa = PBXFileReference; lastKnownFileType = sourcecode.swift; path = CustomClosureBuilder.swift; sourceTree = "<group>"; };
		86DC156F21335C6C005163B7 /* EventsTestConstants.swift */ = {isa = PBXFileReference; lastKnownFileType = sourcecode.swift; path = EventsTestConstants.swift; sourceTree = "<group>"; };
		86FFC0B420A5F58B005E7364 /* MerlinMetPod.framework */ = {isa = PBXFileReference; explicitFileType = wrapper.framework; includeInIndex = 0; path = MerlinMetPod.framework; sourceTree = BUILT_PRODUCTS_DIR; };
		86FFC0B720A5F58B005E7364 /* MerlinMetPod.h */ = {isa = PBXFileReference; lastKnownFileType = sourcecode.c.h; path = MerlinMetPod.h; sourceTree = "<group>"; };
		86FFC0B820A5F58B005E7364 /* Info.plist */ = {isa = PBXFileReference; lastKnownFileType = text.plist.xml; path = Info.plist; sourceTree = "<group>"; };
		9BA4FAC0E31AC8B7DFD7E280 /* Pods-MerlinMetPodTests.release.xcconfig */ = {isa = PBXFileReference; includeInIndex = 1; lastKnownFileType = text.xcconfig; name = "Pods-MerlinMetPodTests.release.xcconfig"; path = "Pods/Target Support Files/Pods-MerlinMetPodTests/Pods-MerlinMetPodTests.release.xcconfig"; sourceTree = "<group>"; };
		B7F3BDCE9F8D97A3D5BF623F /* Pods-MerlinMetPod.release.xcconfig */ = {isa = PBXFileReference; includeInIndex = 1; lastKnownFileType = text.xcconfig; name = "Pods-MerlinMetPod.release.xcconfig"; path = "Pods/Target Support Files/Pods-MerlinMetPod/Pods-MerlinMetPod.release.xcconfig"; sourceTree = "<group>"; };
/* End PBXFileReference section */

/* Begin PBXFrameworksBuildPhase section */
		8663D23520AE1A8E00E4F90A /* Frameworks */ = {
			isa = PBXFrameworksBuildPhase;
			buildActionMask = 2147483647;
			files = (
				8663D23D20AE1A8E00E4F90A /* MerlinMetPod.framework in Frameworks */,
				FE34E841CAFB6C381E866DCF /* Pods_MerlinMetPodTests.framework in Frameworks */,
			);
			runOnlyForDeploymentPostprocessing = 0;
		};
		86FFC0B020A5F58B005E7364 /* Frameworks */ = {
			isa = PBXFrameworksBuildPhase;
			buildActionMask = 2147483647;
			files = (
				D22C33239B6BE6CED817D0A9 /* Pods_MerlinMetPod.framework in Frameworks */,
			);
			runOnlyForDeploymentPostprocessing = 0;
		};
/* End PBXFrameworksBuildPhase section */

/* Begin PBXGroup section */
		864231FA2138852100175A61 /* Prueba */ = {
			isa = PBXGroup;
			children = (
				864231FB2138852100175A61 /* Prueba.swift */,
			);
			path = Prueba;
			sourceTree = "<group>";
		};
		8663D23920AE1A8E00E4F90A /* MerlinMetPodTests */ = {
			isa = PBXGroup;
			children = (
				86DC156221335AFA005163B7 /* Events  */,
				86DC156121335AF3005163B7 /* Configuration */,
				8663D23C20AE1A8E00E4F90A /* Info.plist */,
			);
			path = MerlinMetPodTests;
			sourceTree = "<group>";
		};
		86DC152C212DF9EB005163B7 /* RealmPlatform */ = {
			isa = PBXGroup;
			children = (
			);
			path = RealmPlatform;
			sourceTree = "<group>";
		};
		86DC152D212DF9EB005163B7 /* Domain */ = {
			isa = PBXGroup;
			children = (
				86DC154D213353D4005163B7 /* BaseUserCaseLocator.swift */,
				86DC154B213353C7005163B7 /* BaseUserCase.swift */,
				86DC155021335471005163B7 /* Repositories */,
				86DC154A213352D3005163B7 /* UserCases */,
				86DC1549213352CD005163B7 /* Entities */,
			);
			path = Domain;
			sourceTree = "<group>";
		};
		86DC152E212DF9EC005163B7 /* NetworkPlatform */ = {
			isa = PBXGroup;
			children = (
				86DC1534212DFB14005163B7 /* Entities */,
				86DC1533212DFB07005163B7 /* WebServices */,
				86DC1532212DFAFD005163B7 /* Configuration */,
			);
			path = NetworkPlatform;
			sourceTree = "<group>";
		};
		86DC1532212DFAFD005163B7 /* Configuration */ = {
			isa = PBXGroup;
			children = (
				86DC1535212DFB8F005163B7 /* EnvironmentConfiguration.plist */,
				86DC1537212E0292005163B7 /* EnvironmentConfiguration.swift */,
				86DC154521335048005163B7 /* Network.swift */,
				86DC154721335249005163B7 /* BaseWebService.swift */,
			);
			path = Configuration;
			sourceTree = "<group>";
		};
		86DC1533212DFB07005163B7 /* WebServices */ = {
			isa = PBXGroup;
			children = (
				86DC153A212E02A9005163B7 /* Events */,
			);
			path = WebServices;
			sourceTree = "<group>";
		};
		86DC1534212DFB14005163B7 /* Entities */ = {
			isa = PBXGroup;
			children = (
			);
			path = Entities;
			sourceTree = "<group>";
		};
		86DC153A212E02A9005163B7 /* Events */ = {
			isa = PBXGroup;
			children = (
				86DC153B21334AB2005163B7 /* Configuration */,
				86DC153C21334AB9005163B7 /* EventsWebService */,
			);
			path = Events;
			sourceTree = "<group>";
		};
		86DC153B21334AB2005163B7 /* Configuration */ = {
			isa = PBXGroup;
			children = (
				86DC153D21334B30005163B7 /* EventAPI.swift */,
				86DC153F21334B40005163B7 /* EventNetworkProvider.swift */,
			);
			path = Configuration;
			sourceTree = "<group>";
		};
		86DC153C21334AB9005163B7 /* EventsWebService */ = {
			isa = PBXGroup;
			children = (
				86DC155B21335844005163B7 /* WebServiceLocator.swift */,
				86DC154121334C0D005163B7 /* EventWebServiceProtocol.swift */,
				86DC154321334C1F005163B7 /* EventWebService.swift */,
			);
			path = EventsWebService;
			sourceTree = "<group>";
		};
		86DC1549213352CD005163B7 /* Entities */ = {
			isa = PBXGroup;
			children = (
			);
			path = Entities;
			sourceTree = "<group>";
		};
		86DC154A213352D3005163B7 /* UserCases */ = {
			isa = PBXGroup;
			children = (
				86DC154F21335425005163B7 /* Events */,
			);
			path = UserCases;
			sourceTree = "<group>";
		};
		86DC154F21335425005163B7 /* Events */ = {
			isa = PBXGroup;
			children = (
				86DC15532133551B005163B7 /* sendEventUserCase */,
				86DC155421335576005163B7 /* EventUserCaseLocator.swift */,
			);
			path = Events;
			sourceTree = "<group>";
		};
		86DC155021335471005163B7 /* Repositories */ = {
			isa = PBXGroup;
			children = (
				86DC1556213355CC005163B7 /* EventRepository */,
				86DC155121335490005163B7 /* Repository.swift */,
			);
			path = Repositories;
			sourceTree = "<group>";
		};
		86DC15532133551B005163B7 /* sendEventUserCase */ = {
			isa = PBXGroup;
			children = (
				86DC155D21335969005163B7 /* SendEventUserCase.swift */,
				86DC155F21335975005163B7 /* SendEventProtocol.swift */,
			);
			path = sendEventUserCase;
			sourceTree = "<group>";
		};
		86DC1556213355CC005163B7 /* EventRepository */ = {
			isa = PBXGroup;
			children = (
				86DC1557213355E5005163B7 /* EventRepository.swift */,
				86DC155921335600005163B7 /* EventRepositoryProtocol.swift */,
			);
			path = EventRepository;
			sourceTree = "<group>";
		};
		86DC156121335AF3005163B7 /* Configuration */ = {
			isa = PBXGroup;
			children = (
				86DC156321335B34005163B7 /* MerlinMetPodTests-Bridging-Header.h */,
				86DC156421335B34005163B7 /* MerlinTestConstants.swift */,
				86DC156621335B45005163B7 /* CustomClosureBuilder.swift */,
			);
			path = Configuration;
			sourceTree = "<group>";
		};
		86DC156221335AFA005163B7 /* Events  */ = {
			isa = PBXGroup;
			children = (
				86DC156E21335C50005163B7 /* web services */,
				86DC156D21335C48005163B7 /* Common */,
			);
			path = "Events ";
			sourceTree = "<group>";
		};
		86DC156D21335C48005163B7 /* Common */ = {
			isa = PBXGroup;
			children = (
				86DC156F21335C6C005163B7 /* EventsTestConstants.swift */,
			);
			path = Common;
			sourceTree = "<group>";
		};
		86DC156E21335C50005163B7 /* web services */ = {
			isa = PBXGroup;
			children = (
				8642320521388B7300175A61 /* FlushEventWebServiceTest.swift */,
			);
			path = "web services";
			sourceTree = "<group>";
		};
		86FFC0AA20A5F58B005E7364 = {
			isa = PBXGroup;
			children = (
				86FFC0B620A5F58B005E7364 /* MerlinMetPod */,
				8663D23920AE1A8E00E4F90A /* MerlinMetPodTests */,
				864231FA2138852100175A61 /* Prueba */,
				86FFC0B520A5F58B005E7364 /* Products */,
				B023CBF10272D06C820AFF42 /* Pods */,
				870A96A2BC4CCE8945437C22 /* Frameworks */,
			);
			sourceTree = "<group>";
		};
		86FFC0B520A5F58B005E7364 /* Products */ = {
			isa = PBXGroup;
			children = (
				86FFC0B420A5F58B005E7364 /* MerlinMetPod.framework */,
				8663D23820AE1A8E00E4F90A /* MerlinMetPodTests.xctest */,
			);
			name = Products;
			sourceTree = "<group>";
		};
		86FFC0B620A5F58B005E7364 /* MerlinMetPod */ = {
			isa = PBXGroup;
			children = (
				86DC152D212DF9EB005163B7 /* Domain */,
				86DC152E212DF9EC005163B7 /* NetworkPlatform */,
				86DC152C212DF9EB005163B7 /* RealmPlatform */,
				86FFC0B720A5F58B005E7364 /* MerlinMetPod.h */,
				86FFC0B820A5F58B005E7364 /* Info.plist */,
			);
			path = MerlinMetPod;
			sourceTree = "<group>";
		};
		870A96A2BC4CCE8945437C22 /* Frameworks */ = {
			isa = PBXGroup;
			children = (
				6E8E59565317D77F4BDCCCEE /* Pods_MerlinMetPod.framework */,
				25F5EBE00BD35FA3E3A43A54 /* Pods_MerlinMetPodTests.framework */,
			);
			name = Frameworks;
			sourceTree = "<group>";
		};
		B023CBF10272D06C820AFF42 /* Pods */ = {
			isa = PBXGroup;
			children = (
				77FB95E65977287570C1016D /* Pods-MerlinMetPod.debug.xcconfig */,
				B7F3BDCE9F8D97A3D5BF623F /* Pods-MerlinMetPod.release.xcconfig */,
				36356CB3F3715686AB65E4F1 /* Pods-MerlinMetPodTests.debug.xcconfig */,
				9BA4FAC0E31AC8B7DFD7E280 /* Pods-MerlinMetPodTests.release.xcconfig */,
			);
			name = Pods;
			sourceTree = "<group>";
		};
/* End PBXGroup section */

/* Begin PBXHeadersBuildPhase section */
		86FFC0B120A5F58B005E7364 /* Headers */ = {
			isa = PBXHeadersBuildPhase;
			buildActionMask = 2147483647;
			files = (
				86FFC0C520A5F58B005E7364 /* MerlinMetPod.h in Headers */,
			);
			runOnlyForDeploymentPostprocessing = 0;
		};
/* End PBXHeadersBuildPhase section */

/* Begin PBXNativeTarget section */
		8663D23720AE1A8E00E4F90A /* MerlinMetPodTests */ = {
			isa = PBXNativeTarget;
			buildConfigurationList = 8663D24020AE1A8E00E4F90A /* Build configuration list for PBXNativeTarget "MerlinMetPodTests" */;
			buildPhases = (
				3A47C54F1BA7A6B1999C23DD /* [CP] Check Pods Manifest.lock */,
				8663D23420AE1A8E00E4F90A /* Sources */,
				8663D23520AE1A8E00E4F90A /* Frameworks */,
				8663D23620AE1A8E00E4F90A /* Resources */,
				1997A198748110A97257238E /* [CP] Embed Pods Frameworks */,
			);
			buildRules = (
			);
			dependencies = (
				8663D23F20AE1A8E00E4F90A /* PBXTargetDependency */,
			);
			name = MerlinMetPodTests;
			productName = MerlinMetPodTests;
			productReference = 8663D23820AE1A8E00E4F90A /* MerlinMetPodTests.xctest */;
			productType = "com.apple.product-type.bundle.unit-test";
		};
		86FFC0B320A5F58B005E7364 /* MerlinMetPod */ = {
			isa = PBXNativeTarget;
			buildConfigurationList = 86FFC0C820A5F58B005E7364 /* Build configuration list for PBXNativeTarget "MerlinMetPod" */;
			buildPhases = (
				0FEB79D80F1099D29EC008DF /* [CP] Check Pods Manifest.lock */,
				86FFC0AF20A5F58B005E7364 /* Sources */,
				86FFC0B020A5F58B005E7364 /* Frameworks */,
				86FFC0B120A5F58B005E7364 /* Headers */,
				86FFC0B220A5F58B005E7364 /* Resources */,
				86FFC0CF20A5F675005E7364 /* ShellScript */,
			);
			buildRules = (
			);
			dependencies = (
			);
			name = MerlinMetPod;
			productName = MerlinMetPod;
			productReference = 86FFC0B420A5F58B005E7364 /* MerlinMetPod.framework */;
			productType = "com.apple.product-type.framework";
		};
/* End PBXNativeTarget section */

/* Begin PBXProject section */
		86FFC0AB20A5F58B005E7364 /* Project object */ = {
			isa = PBXProject;
			attributes = {
				LastSwiftUpdateCheck = 0940;
				LastUpgradeCheck = 0930;
				ORGANIZATIONNAME = "Camila Gaitan Mosquera";
				TargetAttributes = {
					8663D23720AE1A8E00E4F90A = {
						CreatedOnToolsVersion = 9.3.1;
						LastSwiftMigration = 0940;
					};
					86FFC0B320A5F58B005E7364 = {
						CreatedOnToolsVersion = 9.3;
						LastSwiftMigration = 0940;
					};
				};
			};
			buildConfigurationList = 86FFC0AE20A5F58B005E7364 /* Build configuration list for PBXProject "MerlinMetPod" */;
			compatibilityVersion = "Xcode 9.3";
			developmentRegion = en;
			hasScannedForEncodings = 0;
			knownRegions = (
				en,
			);
			mainGroup = 86FFC0AA20A5F58B005E7364;
			productRefGroup = 86FFC0B520A5F58B005E7364 /* Products */;
			projectDirPath = "";
			projectRoot = "";
			targets = (
				86FFC0B320A5F58B005E7364 /* MerlinMetPod */,
				8663D23720AE1A8E00E4F90A /* MerlinMetPodTests */,
			);
		};
/* End PBXProject section */

/* Begin PBXResourcesBuildPhase section */
		8663D23620AE1A8E00E4F90A /* Resources */ = {
			isa = PBXResourcesBuildPhase;
			buildActionMask = 2147483647;
			files = (
				864232332138A48700175A61 /* EnvironmentConfiguration.plist in Resources */,
			);
			runOnlyForDeploymentPostprocessing = 0;
		};
		86FFC0B220A5F58B005E7364 /* Resources */ = {
			isa = PBXResourcesBuildPhase;
			buildActionMask = 2147483647;
			files = (
				86DC1536212DFB8F005163B7 /* EnvironmentConfiguration.plist in Resources */,
			);
			runOnlyForDeploymentPostprocessing = 0;
		};
/* End PBXResourcesBuildPhase section */

/* Begin PBXShellScriptBuildPhase section */
		0FEB79D80F1099D29EC008DF /* [CP] Check Pods Manifest.lock */ = {
			isa = PBXShellScriptBuildPhase;
			buildActionMask = 2147483647;
			files = (
			);
			inputPaths = (
				"${PODS_PODFILE_DIR_PATH}/Podfile.lock",
				"${PODS_ROOT}/Manifest.lock",
			);
			name = "[CP] Check Pods Manifest.lock";
			outputPaths = (
				"$(DERIVED_FILE_DIR)/Pods-MerlinMetPod-checkManifestLockResult.txt",
			);
			runOnlyForDeploymentPostprocessing = 0;
			shellPath = /bin/sh;
			shellScript = "diff \"${PODS_PODFILE_DIR_PATH}/Podfile.lock\" \"${PODS_ROOT}/Manifest.lock\" > /dev/null\nif [ $? != 0 ] ; then\n    # print error to STDERR\n    echo \"error: The sandbox is not in sync with the Podfile.lock. Run 'pod install' or update your CocoaPods installation.\" >&2\n    exit 1\nfi\n# This output is used by Xcode 'outputs' to avoid re-running this script phase.\necho \"SUCCESS\" > \"${SCRIPT_OUTPUT_FILE_0}\"\n";
			showEnvVarsInLog = 0;
		};
		1997A198748110A97257238E /* [CP] Embed Pods Frameworks */ = {
			isa = PBXShellScriptBuildPhase;
			buildActionMask = 2147483647;
			files = (
			);
			inputPaths = (
				"${SRCROOT}/Pods/Target Support Files/Pods-MerlinMetPodTests/Pods-MerlinMetPodTests-frameworks.sh",
				"${BUILT_PRODUCTS_DIR}/Alamofire/Alamofire.framework",
				"${BUILT_PRODUCTS_DIR}/Moya/Moya.framework",
				"${BUILT_PRODUCTS_DIR}/Result/Result.framework",
			);
			name = "[CP] Embed Pods Frameworks";
			outputPaths = (
				"${TARGET_BUILD_DIR}/${FRAMEWORKS_FOLDER_PATH}/Alamofire.framework",
				"${TARGET_BUILD_DIR}/${FRAMEWORKS_FOLDER_PATH}/Moya.framework",
				"${TARGET_BUILD_DIR}/${FRAMEWORKS_FOLDER_PATH}/Result.framework",
			);
			runOnlyForDeploymentPostprocessing = 0;
			shellPath = /bin/sh;
			shellScript = "\"${SRCROOT}/Pods/Target Support Files/Pods-MerlinMetPodTests/Pods-MerlinMetPodTests-frameworks.sh\"\n";
			showEnvVarsInLog = 0;
		};
		3A47C54F1BA7A6B1999C23DD /* [CP] Check Pods Manifest.lock */ = {
			isa = PBXShellScriptBuildPhase;
			buildActionMask = 2147483647;
			files = (
			);
			inputPaths = (
				"${PODS_PODFILE_DIR_PATH}/Podfile.lock",
				"${PODS_ROOT}/Manifest.lock",
			);
			name = "[CP] Check Pods Manifest.lock";
			outputPaths = (
				"$(DERIVED_FILE_DIR)/Pods-MerlinMetPodTests-checkManifestLockResult.txt",
			);
			runOnlyForDeploymentPostprocessing = 0;
			shellPath = /bin/sh;
			shellScript = "diff \"${PODS_PODFILE_DIR_PATH}/Podfile.lock\" \"${PODS_ROOT}/Manifest.lock\" > /dev/null\nif [ $? != 0 ] ; then\n    # print error to STDERR\n    echo \"error: The sandbox is not in sync with the Podfile.lock. Run 'pod install' or update your CocoaPods installation.\" >&2\n    exit 1\nfi\n# This output is used by Xcode 'outputs' to avoid re-running this script phase.\necho \"SUCCESS\" > \"${SCRIPT_OUTPUT_FILE_0}\"\n";
			showEnvVarsInLog = 0;
		};
		86FFC0CF20A5F675005E7364 /* ShellScript */ = {
			isa = PBXShellScriptBuildPhase;
			buildActionMask = 2147483647;
			files = (
			);
			inputPaths = (
			);
			outputPaths = (
			);
			runOnlyForDeploymentPostprocessing = 0;
			shellPath = /bin/sh;
			shellScript = "if which swiftlint >/dev/null; then\n   \"${PODS_ROOT}/SwiftLint/swiftlint\"\nelse\n    echo \"warning: SwiftLint not installed, download from https://github.com/realm/SwiftLint\"\nfi";
		};
/* End PBXShellScriptBuildPhase section */

/* Begin PBXSourcesBuildPhase section */
		8663D23420AE1A8E00E4F90A /* Sources */ = {
			isa = PBXSourcesBuildPhase;
			buildActionMask = 2147483647;
			files = (
				8642320621388B7300175A61 /* FlushEventWebServiceTest.swift in Sources */,
				86DC156721335B45005163B7 /* CustomClosureBuilder.swift in Sources */,
				86DC156A21335C1A005163B7 /* EnvironmentConfiguration.swift in Sources */,
				86DC156B21335C25005163B7 /* Network.swift in Sources */,
				86DC156C21335C27005163B7 /* BaseWebService.swift in Sources */,
				86DC156921335BB9005163B7 /* EventAPI.swift in Sources */,
				86DC156521335B34005163B7 /* MerlinTestConstants.swift in Sources */,
				86DC157021335C6C005163B7 /* EventsTestConstants.swift in Sources */,
				86DC156821335B7F005163B7 /* EventNetworkProvider.swift in Sources */,
				8642320221388A1A00175A61 /* EventWebService.swift in Sources */,
				8642320321388A5A00175A61 /* EventWebServiceProtocol.swift in Sources */,
			);
			runOnlyForDeploymentPostprocessing = 0;
		};
		86FFC0AF20A5F58B005E7364 /* Sources */ = {
			isa = PBXSourcesBuildPhase;
			buildActionMask = 2147483647;
			files = (
				86DC156021335975005163B7 /* SendEventProtocol.swift in Sources */,
				86DC1538212E0292005163B7 /* EnvironmentConfiguration.swift in Sources */,
				86DC155521335576005163B7 /* EventUserCaseLocator.swift in Sources */,
				86DC154E213353D4005163B7 /* BaseUserCaseLocator.swift in Sources */,
				86DC153E21334B30005163B7 /* EventAPI.swift in Sources */,
				86DC154621335048005163B7 /* Network.swift in Sources */,
				86DC154C213353C7005163B7 /* BaseUserCase.swift in Sources */,
				86DC154821335249005163B7 /* BaseWebService.swift in Sources */,
				86DC155C21335844005163B7 /* WebServiceLocator.swift in Sources */,
				86DC154421334C1F005163B7 /* EventWebService.swift in Sources */,
				86DC155A21335600005163B7 /* EventRepositoryProtocol.swift in Sources */,
				86DC155221335490005163B7 /* Repository.swift in Sources */,
				86DC154021334B40005163B7 /* EventNetworkProvider.swift in Sources */,
				86DC155E21335969005163B7 /* SendEventUserCase.swift in Sources */,
				86DC1558213355E5005163B7 /* EventRepository.swift in Sources */,
				86DC154221334C0D005163B7 /* EventWebServiceProtocol.swift in Sources */,
			);
			runOnlyForDeploymentPostprocessing = 0;
		};
/* End PBXSourcesBuildPhase section */

/* Begin PBXTargetDependency section */
		8663D23F20AE1A8E00E4F90A /* PBXTargetDependency */ = {
			isa = PBXTargetDependency;
			target = 86FFC0B320A5F58B005E7364 /* MerlinMetPod */;
			targetProxy = 8663D23E20AE1A8E00E4F90A /* PBXContainerItemProxy */;
		};
/* End PBXTargetDependency section */

/* Begin XCBuildConfiguration section */
		8663D24120AE1A8E00E4F90A /* Debug */ = {
			isa = XCBuildConfiguration;
			baseConfigurationReference = 36356CB3F3715686AB65E4F1 /* Pods-MerlinMetPodTests.debug.xcconfig */;
			buildSettings = {
				ALWAYS_EMBED_SWIFT_STANDARD_LIBRARIES = YES;
				CLANG_ENABLE_MODULES = YES;
				CODE_SIGN_STYLE = Automatic;
				DEVELOPMENT_TEAM = YRNUGANDH7;
				INFOPLIST_FILE = MerlinMetPodTests/Info.plist;
				LD_RUNPATH_SEARCH_PATHS = (
					"$(inherited)",
					"@executable_path/Frameworks",
					"@loader_path/Frameworks",
				);
				PRODUCT_BUNDLE_IDENTIFIER = com.merlinJobs.merlinqa.MerlinMetPodTests;
				PRODUCT_NAME = "$(TARGET_NAME)";
				SWIFT_OBJC_BRIDGING_HEADER = "MerlinMetPodTests/Configuration/MerlinMetPodTests-Bridging-Header.h";
				SWIFT_OPTIMIZATION_LEVEL = "-Onone";
				SWIFT_VERSION = 4.0;
				TARGETED_DEVICE_FAMILY = "1,2";
			};
			name = Debug;
		};
		8663D24220AE1A8E00E4F90A /* Release */ = {
			isa = XCBuildConfiguration;
			baseConfigurationReference = 9BA4FAC0E31AC8B7DFD7E280 /* Pods-MerlinMetPodTests.release.xcconfig */;
			buildSettings = {
				ALWAYS_EMBED_SWIFT_STANDARD_LIBRARIES = YES;
				CLANG_ENABLE_MODULES = YES;
				CODE_SIGN_STYLE = Automatic;
				DEVELOPMENT_TEAM = YRNUGANDH7;
				INFOPLIST_FILE = MerlinMetPodTests/Info.plist;
				LD_RUNPATH_SEARCH_PATHS = (
					"$(inherited)",
					"@executable_path/Frameworks",
					"@loader_path/Frameworks",
				);
				PRODUCT_BUNDLE_IDENTIFIER = com.merlinJobs.merlinqa.MerlinMetPodTests;
				PRODUCT_NAME = "$(TARGET_NAME)";
				SWIFT_OBJC_BRIDGING_HEADER = "MerlinMetPodTests/Configuration/MerlinMetPodTests-Bridging-Header.h";
				SWIFT_VERSION = 4.0;
				TARGETED_DEVICE_FAMILY = "1,2";
			};
			name = Release;
		};
		86FFC0C620A5F58B005E7364 /* Debug */ = {
			isa = XCBuildConfiguration;
			buildSettings = {
				ALWAYS_SEARCH_USER_PATHS = NO;
				CLANG_ANALYZER_NONNULL = YES;
				CLANG_ANALYZER_NUMBER_OBJECT_CONVERSION = YES_AGGRESSIVE;
				CLANG_CXX_LANGUAGE_STANDARD = "gnu++14";
				CLANG_CXX_LIBRARY = "libc++";
				CLANG_ENABLE_MODULES = YES;
				CLANG_ENABLE_OBJC_ARC = YES;
				CLANG_ENABLE_OBJC_WEAK = YES;
				CLANG_WARN_BLOCK_CAPTURE_AUTORELEASING = YES;
				CLANG_WARN_BOOL_CONVERSION = YES;
				CLANG_WARN_COMMA = YES;
				CLANG_WARN_CONSTANT_CONVERSION = YES;
				CLANG_WARN_DEPRECATED_OBJC_IMPLEMENTATIONS = YES;
				CLANG_WARN_DIRECT_OBJC_ISA_USAGE = YES_ERROR;
				CLANG_WARN_DOCUMENTATION_COMMENTS = YES;
				CLANG_WARN_EMPTY_BODY = YES;
				CLANG_WARN_ENUM_CONVERSION = YES;
				CLANG_WARN_INFINITE_RECURSION = YES;
				CLANG_WARN_INT_CONVERSION = YES;
				CLANG_WARN_NON_LITERAL_NULL_CONVERSION = YES;
				CLANG_WARN_OBJC_IMPLICIT_RETAIN_SELF = YES;
				CLANG_WARN_OBJC_LITERAL_CONVERSION = YES;
				CLANG_WARN_OBJC_ROOT_CLASS = YES_ERROR;
				CLANG_WARN_RANGE_LOOP_ANALYSIS = YES;
				CLANG_WARN_STRICT_PROTOTYPES = YES;
				CLANG_WARN_SUSPICIOUS_MOVE = YES;
				CLANG_WARN_UNGUARDED_AVAILABILITY = YES_AGGRESSIVE;
				CLANG_WARN_UNREACHABLE_CODE = YES;
				CLANG_WARN__DUPLICATE_METHOD_MATCH = YES;
				CODE_SIGN_IDENTITY = "iPhone Developer";
				COPY_PHASE_STRIP = NO;
				CURRENT_PROJECT_VERSION = 1;
				DEBUG_INFORMATION_FORMAT = dwarf;
				ENABLE_STRICT_OBJC_MSGSEND = YES;
				ENABLE_TESTABILITY = YES;
				GCC_C_LANGUAGE_STANDARD = gnu11;
				GCC_DYNAMIC_NO_PIC = NO;
				GCC_NO_COMMON_BLOCKS = YES;
				GCC_OPTIMIZATION_LEVEL = 0;
				GCC_PREPROCESSOR_DEFINITIONS = (
					"DEBUG=1",
					"$(inherited)",
				);
				GCC_WARN_64_TO_32_BIT_CONVERSION = YES;
				GCC_WARN_ABOUT_RETURN_TYPE = YES_ERROR;
				GCC_WARN_UNDECLARED_SELECTOR = YES;
				GCC_WARN_UNINITIALIZED_AUTOS = YES_AGGRESSIVE;
				GCC_WARN_UNUSED_FUNCTION = YES;
				GCC_WARN_UNUSED_VARIABLE = YES;
				IPHONEOS_DEPLOYMENT_TARGET = 10.0;
				MTL_ENABLE_DEBUG_INFO = YES;
				ONLY_ACTIVE_ARCH = YES;
				SDKROOT = iphoneos;
				SWIFT_ACTIVE_COMPILATION_CONDITIONS = DEBUG;
				SWIFT_OPTIMIZATION_LEVEL = "-Onone";
				VERSIONING_SYSTEM = "apple-generic";
				VERSION_INFO_PREFIX = "";
			};
			name = Debug;
		};
		86FFC0C720A5F58B005E7364 /* Release */ = {
			isa = XCBuildConfiguration;
			buildSettings = {
				ALWAYS_SEARCH_USER_PATHS = NO;
				CLANG_ANALYZER_NONNULL = YES;
				CLANG_ANALYZER_NUMBER_OBJECT_CONVERSION = YES_AGGRESSIVE;
				CLANG_CXX_LANGUAGE_STANDARD = "gnu++14";
				CLANG_CXX_LIBRARY = "libc++";
				CLANG_ENABLE_MODULES = YES;
				CLANG_ENABLE_OBJC_ARC = YES;
				CLANG_ENABLE_OBJC_WEAK = YES;
				CLANG_WARN_BLOCK_CAPTURE_AUTORELEASING = YES;
				CLANG_WARN_BOOL_CONVERSION = YES;
				CLANG_WARN_COMMA = YES;
				CLANG_WARN_CONSTANT_CONVERSION = YES;
				CLANG_WARN_DEPRECATED_OBJC_IMPLEMENTATIONS = YES;
				CLANG_WARN_DIRECT_OBJC_ISA_USAGE = YES_ERROR;
				CLANG_WARN_DOCUMENTATION_COMMENTS = YES;
				CLANG_WARN_EMPTY_BODY = YES;
				CLANG_WARN_ENUM_CONVERSION = YES;
				CLANG_WARN_INFINITE_RECURSION = YES;
				CLANG_WARN_INT_CONVERSION = YES;
				CLANG_WARN_NON_LITERAL_NULL_CONVERSION = YES;
				CLANG_WARN_OBJC_IMPLICIT_RETAIN_SELF = YES;
				CLANG_WARN_OBJC_LITERAL_CONVERSION = YES;
				CLANG_WARN_OBJC_ROOT_CLASS = YES_ERROR;
				CLANG_WARN_RANGE_LOOP_ANALYSIS = YES;
				CLANG_WARN_STRICT_PROTOTYPES = YES;
				CLANG_WARN_SUSPICIOUS_MOVE = YES;
				CLANG_WARN_UNGUARDED_AVAILABILITY = YES_AGGRESSIVE;
				CLANG_WARN_UNREACHABLE_CODE = YES;
				CLANG_WARN__DUPLICATE_METHOD_MATCH = YES;
				CODE_SIGN_IDENTITY = "iPhone Developer";
				COPY_PHASE_STRIP = NO;
				CURRENT_PROJECT_VERSION = 1;
				DEBUG_INFORMATION_FORMAT = "dwarf-with-dsym";
				ENABLE_NS_ASSERTIONS = NO;
				ENABLE_STRICT_OBJC_MSGSEND = YES;
				GCC_C_LANGUAGE_STANDARD = gnu11;
				GCC_NO_COMMON_BLOCKS = YES;
				GCC_WARN_64_TO_32_BIT_CONVERSION = YES;
				GCC_WARN_ABOUT_RETURN_TYPE = YES_ERROR;
				GCC_WARN_UNDECLARED_SELECTOR = YES;
				GCC_WARN_UNINITIALIZED_AUTOS = YES_AGGRESSIVE;
				GCC_WARN_UNUSED_FUNCTION = YES;
				GCC_WARN_UNUSED_VARIABLE = YES;
				IPHONEOS_DEPLOYMENT_TARGET = 10.0;
				MTL_ENABLE_DEBUG_INFO = NO;
				SDKROOT = iphoneos;
				SWIFT_COMPILATION_MODE = wholemodule;
				SWIFT_OPTIMIZATION_LEVEL = "-O";
				VALIDATE_PRODUCT = YES;
				VERSIONING_SYSTEM = "apple-generic";
				VERSION_INFO_PREFIX = "";
			};
			name = Release;
		};
		86FFC0C920A5F58B005E7364 /* Debug */ = {
			isa = XCBuildConfiguration;
			baseConfigurationReference = 77FB95E65977287570C1016D /* Pods-MerlinMetPod.debug.xcconfig */;
			buildSettings = {
				CLANG_ENABLE_MODULES = YES;
				CODE_SIGN_IDENTITY = "";
				CODE_SIGN_STYLE = Automatic;
				DEFINES_MODULE = YES;
				DEVELOPMENT_TEAM = YRNUGANDH7;
				DYLIB_COMPATIBILITY_VERSION = 1;
				DYLIB_CURRENT_VERSION = 1;
				DYLIB_INSTALL_NAME_BASE = "@rpath";
				INFOPLIST_FILE = MerlinMetPod/Info.plist;
				INSTALL_PATH = "$(LOCAL_LIBRARY_DIR)/Frameworks";
				IPHONEOS_DEPLOYMENT_TARGET = 10.0;
				LD_RUNPATH_SEARCH_PATHS = (
					"$(inherited)",
					"@executable_path/Frameworks",
					"@loader_path/Frameworks",
				);
				PRODUCT_BUNDLE_IDENTIFIER = com.merlinJobs.merlinqa;
				PRODUCT_NAME = "$(TARGET_NAME:c99extidentifier)";
				SKIP_INSTALL = YES;
				SWIFT_OPTIMIZATION_LEVEL = "-Onone";
				SWIFT_VERSION = 4.0;
				TARGETED_DEVICE_FAMILY = "1,2";
			};
			name = Debug;
		};
		86FFC0CA20A5F58B005E7364 /* Release */ = {
			isa = XCBuildConfiguration;
			baseConfigurationReference = B7F3BDCE9F8D97A3D5BF623F /* Pods-MerlinMetPod.release.xcconfig */;
			buildSettings = {
				CLANG_ENABLE_MODULES = YES;
				CODE_SIGN_IDENTITY = "";
				CODE_SIGN_STYLE = Automatic;
				DEFINES_MODULE = YES;
				DEVELOPMENT_TEAM = YRNUGANDH7;
				DYLIB_COMPATIBILITY_VERSION = 1;
				DYLIB_CURRENT_VERSION = 1;
				DYLIB_INSTALL_NAME_BASE = "@rpath";
				ENABLE_TESTABILITY = YES;
				INFOPLIST_FILE = MerlinMetPod/Info.plist;
				INSTALL_PATH = "$(LOCAL_LIBRARY_DIR)/Frameworks";
				IPHONEOS_DEPLOYMENT_TARGET = 10.0;
				LD_RUNPATH_SEARCH_PATHS = (
					"$(inherited)",
					"@executable_path/Frameworks",
					"@loader_path/Frameworks",
				);
				PRODUCT_BUNDLE_IDENTIFIER = com.merlinJobs.merlinqa;
				PRODUCT_NAME = "$(TARGET_NAME:c99extidentifier)";
				SKIP_INSTALL = YES;
				SWIFT_VERSION = 4.0;
				TARGETED_DEVICE_FAMILY = "1,2";
			};
			name = Release;
		};
/* End XCBuildConfiguration section */

/* Begin XCConfigurationList section */
		8663D24020AE1A8E00E4F90A /* Build configuration list for PBXNativeTarget "MerlinMetPodTests" */ = {
			isa = XCConfigurationList;
			buildConfigurations = (
				8663D24120AE1A8E00E4F90A /* Debug */,
				8663D24220AE1A8E00E4F90A /* Release */,
			);
			defaultConfigurationIsVisible = 0;
			defaultConfigurationName = Release;
		};
		86FFC0AE20A5F58B005E7364 /* Build configuration list for PBXProject "MerlinMetPod" */ = {
			isa = XCConfigurationList;
			buildConfigurations = (
				86FFC0C620A5F58B005E7364 /* Debug */,
				86FFC0C720A5F58B005E7364 /* Release */,
			);
			defaultConfigurationIsVisible = 0;
			defaultConfigurationName = Release;
		};
		86FFC0C820A5F58B005E7364 /* Build configuration list for PBXNativeTarget "MerlinMetPod" */ = {
			isa = XCConfigurationList;
			buildConfigurations = (
				86FFC0C920A5F58B005E7364 /* Debug */,
				86FFC0CA20A5F58B005E7364 /* Release */,
			);
			defaultConfigurationIsVisible = 0;
			defaultConfigurationName = Release;
		};
/* End XCConfigurationList section */
	};
	rootObject = 86FFC0AB20A5F58B005E7364 /* Project object */;
}
